// !$*UTF8*$!
{
	archiveVersion = 1;
	classes = {
	};
	objectVersion = 77;
	objects = {

/* Begin PBXContainerItemProxy section */
		1ADB32BA2DB268EC001E32DE /* PBXContainerItemProxy */ = {
			isa = PBXContainerItemProxy;
			containerPortal = 1ADB32A42DB268E9001E32DE /* Project object */;
			proxyType = 1;
			remoteGlobalIDString = 1ADB32AB2DB268E9001E32DE;
			remoteInfo = ViewAndModifires;
		};
		1ADB32C42DB268EC001E32DE /* PBXContainerItemProxy */ = {
			isa = PBXContainerItemProxy;
			containerPortal = 1ADB32A42DB268E9001E32DE /* Project object */;
			proxyType = 1;
			remoteGlobalIDString = 1ADB32AB2DB268E9001E32DE;
			remoteInfo = ViewAndModifires;
		};
/* End PBXContainerItemProxy section */

/* Begin PBXFileReference section */
		1ADB32AC2DB268E9001E32DE /* ViewAndModifires.app */ = {isa = PBXFileReference; explicitFileType = wrapper.application; includeInIndex = 0; path = ViewAndModifires.app; sourceTree = BUILT_PRODUCTS_DIR; };
		1ADB32B92DB268EC001E32DE /* ViewAndModifiresTests.xctest */ = {isa = PBXFileReference; explicitFileType = wrapper.cfbundle; includeInIndex = 0; path = ViewAndModifiresTests.xctest; sourceTree = BUILT_PRODUCTS_DIR; };
		1ADB32C32DB268EC001E32DE /* ViewAndModifiresUITests.xctest */ = {isa = PBXFileReference; explicitFileType = wrapper.cfbundle; includeInIndex = 0; path = ViewAndModifiresUITests.xctest; sourceTree = BUILT_PRODUCTS_DIR; };
/* End PBXFileReference section */

/* Begin PBXFileSystemSynchronizedRootGroup section */
		1ADB32AE2DB268E9001E32DE /* ViewAndModifires */ = {
			isa = PBXFileSystemSynchronizedRootGroup;
			path = ViewAndModifires;
			sourceTree = "<group>";
		};
		1ADB32BC2DB268EC001E32DE /* ViewAndModifiresTests */ = {
			isa = PBXFileSystemSynchronizedRootGroup;
			path = ViewAndModifiresTests;
			sourceTree = "<group>";
		};
		1ADB32C62DB268EC001E32DE /* ViewAndModifiresUITests */ = {
			isa = PBXFileSystemSynchronizedRootGroup;
			path = ViewAndModifiresUITests;
			sourceTree = "<group>";
		};
/* End PBXFileSystemSynchronizedRootGroup section */

/* Begin PBXFrameworksBuildPhase section */
		1ADB32A92DB268E9001E32DE /* Frameworks */ = {
			isa = PBXFrameworksBuildPhase;
			buildActionMask = 2147483647;
			files = (
			);
			runOnlyForDeploymentPostprocessing = 0;
		};
		1ADB32B62DB268EC001E32DE /* Frameworks */ = {
			isa = PBXFrameworksBuildPhase;
			buildActionMask = 2147483647;
			files = (
			);
			runOnlyForDeploymentPostprocessing = 0;
		};
		1ADB32C02DB268EC001E32DE /* Frameworks */ = {
			isa = PBXFrameworksBuildPhase;
			buildActionMask = 2147483647;
			files = (
			);
			runOnlyForDeploymentPostprocessing = 0;
		};
/* End PBXFrameworksBuildPhase section */

/* Begin PBXGroup section */
		1ADB32A32DB268E9001E32DE = {
			isa = PBXGroup;
			children = (
				1ADB32AE2DB268E9001E32DE /* ViewAndModifires */,
				1ADB32BC2DB268EC001E32DE /* ViewAndModifiresTests */,
				1ADB32C62DB268EC001E32DE /* ViewAndModifiresUITests */,
				1ADB32AD2DB268E9001E32DE /* Products */,
			);
			sourceTree = "<group>";
		};
		1ADB32AD2DB268E9001E32DE /* Products */ = {
			isa = PBXGroup;
			children = (
				1ADB32AC2DB268E9001E32DE /* ViewAndModifires.app */,
				1ADB32B92DB268EC001E32DE /* ViewAndModifiresTests.xctest */,
				1ADB32C32DB268EC001E32DE /* ViewAndModifiresUITests.xctest */,
			);
			name = Products;
			sourceTree = "<group>";
		};
/* End PBXGroup section */

/* Begin PBXNativeTarget section */
		1ADB32AB2DB268E9001E32DE /* ViewAndModifires */ = {
			isa = PBXNativeTarget;
			buildConfigurationList = 1ADB32CD2DB268EC001E32DE /* Build configuration list for PBXNativeTarget "ViewAndModifires" */;
			buildPhases = (
				1ADB32A82DB268E9001E32DE /* Sources */,
				1ADB32A92DB268E9001E32DE /* Frameworks */,
				1ADB32AA2DB268E9001E32DE /* Resources */,
			);
			buildRules = (
			);
			dependencies = (
			);
			fileSystemSynchronizedGroups = (
				1ADB32AE2DB268E9001E32DE /* ViewAndModifires */,
			);
			name = ViewAndModifires;
			packageProductDependencies = (
			);
			productName = ViewAndModifires;
			productReference = 1ADB32AC2DB268E9001E32DE /* ViewAndModifires.app */;
			productType = "com.apple.product-type.application";
		};
		1ADB32B82DB268EC001E32DE /* ViewAndModifiresTests */ = {
			isa = PBXNativeTarget;
			buildConfigurationList = 1ADB32D02DB268EC001E32DE /* Build configuration list for PBXNativeTarget "ViewAndModifiresTests" */;
			buildPhases = (
				1ADB32B52DB268EC001E32DE /* Sources */,
				1ADB32B62DB268EC001E32DE /* Frameworks */,
				1ADB32B72DB268EC001E32DE /* Resources */,
			);
			buildRules = (
			);
			dependencies = (
				1ADB32BB2DB268EC001E32DE /* PBXTargetDependency */,
			);
			fileSystemSynchronizedGroups = (
				1ADB32BC2DB268EC001E32DE /* ViewAndModifiresTests */,
			);
			name = ViewAndModifiresTests;
			packageProductDependencies = (
			);
			productName = ViewAndModifiresTests;
			productReference = 1ADB32B92DB268EC001E32DE /* ViewAndModifiresTests.xctest */;
			productType = "com.apple.product-type.bundle.unit-test";
		};
		1ADB32C22DB268EC001E32DE /* ViewAndModifiresUITests */ = {
			isa = PBXNativeTarget;
			buildConfigurationList = 1ADB32D32DB268EC001E32DE /* Build configuration list for PBXNativeTarget "ViewAndModifiresUITests" */;
			buildPhases = (
				1ADB32BF2DB268EC001E32DE /* Sources */,
				1ADB32C02DB268EC001E32DE /* Frameworks */,
				1ADB32C12DB268EC001E32DE /* Resources */,
			);
			buildRules = (
			);
			dependencies = (
				1ADB32C52DB268EC001E32DE /* PBXTargetDependency */,
			);
			fileSystemSynchronizedGroups = (
				1ADB32C62DB268EC001E32DE /* ViewAndModifiresUITests */,
			);
			name = ViewAndModifiresUITests;
			packageProductDependencies = (
			);
			productName = ViewAndModifiresUITests;
			productReference = 1ADB32C32DB268EC001E32DE /* ViewAndModifiresUITests.xctest */;
			productType = "com.apple.product-type.bundle.ui-testing";
		};
/* End PBXNativeTarget section */

/* Begin PBXProject section */
		1ADB32A42DB268E9001E32DE /* Project object */ = {
			isa = PBXProject;
			attributes = {
				BuildIndependentTargetsInParallel = 1;
				LastSwiftUpdateCheck = 1630;
				LastUpgradeCheck = 1630;
				TargetAttributes = {
					1ADB32AB2DB268E9001E32DE = {
						CreatedOnToolsVersion = 16.3;
					};
					1ADB32B82DB268EC001E32DE = {
						CreatedOnToolsVersion = 16.3;
						TestTargetID = 1ADB32AB2DB268E9001E32DE;
					};
					1ADB32C22DB268EC001E32DE = {
						CreatedOnToolsVersion = 16.3;
						TestTargetID = 1ADB32AB2DB268E9001E32DE;
					};
				};
			};
			buildConfigurationList = 1ADB32A72DB268E9001E32DE /* Build configuration list for PBXProject "ViewAndModifires" */;
			developmentRegion = en;
			hasScannedForEncodings = 0;
			knownRegions = (
				en,
				Base,
			);
			mainGroup = 1ADB32A32DB268E9001E32DE;
			minimizedProjectReferenceProxies = 1;
			preferredProjectObjectVersion = 77;
			productRefGroup = 1ADB32AD2DB268E9001E32DE /* Products */;
			projectDirPath = "";
			projectRoot = "";
			targets = (
				1ADB32AB2DB268E9001E32DE /* ViewAndModifires */,
				1ADB32B82DB268EC001E32DE /* ViewAndModifiresTests */,
				1ADB32C22DB268EC001E32DE /* ViewAndModifiresUITests */,
			);
		};
/* End PBXProject section */

/* Begin PBXResourcesBuildPhase section */
		1ADB32AA2DB268E9001E32DE /* Resources */ = {
			isa = PBXResourcesBuildPhase;
			buildActionMask = 2147483647;
			files = (
			);
			runOnlyForDeploymentPostprocessing = 0;
		};
		1ADB32B72DB268EC001E32DE /* Resources */ = {
			isa = PBXResourcesBuildPhase;
			buildActionMask = 2147483647;
			files = (
			);
			runOnlyForDeploymentPostprocessing = 0;
		};
		1ADB32C12DB268EC001E32DE /* Resources */ = {
			isa = PBXResourcesBuildPhase;
			buildActionMask = 2147483647;
			files = (
			);
			runOnlyForDeploymentPostprocessing = 0;
		};
/* End PBXResourcesBuildPhase section */

/* Begin PBXSourcesBuildPhase section */
		1ADB32A82DB268E9001E32DE /* Sources */ = {
			isa = PBXSourcesBuildPhase;
			buildActionMask = 2147483647;
			files = (
			);
			runOnlyForDeploymentPostprocessing = 0;
		};
		1ADB32B52DB268EC001E32DE /* Sources */ = {
			isa = PBXSourcesBuildPhase;
			buildActionMask = 2147483647;
			files = (
			);
			runOnlyForDeploymentPostprocessing = 0;
		};
		1ADB32BF2DB268EC001E32DE /* Sources */ = {
			isa = PBXSourcesBuildPhase;
			buildActionMask = 2147483647;
			files = (
			);
			runOnlyForDeploymentPostprocessing = 0;
		};
/* End PBXSourcesBuildPhase section */

/* Begin PBXTargetDependency section */
		1ADB32BB2DB268EC001E32DE /* PBXTargetDependency */ = {
			isa = PBXTargetDependency;
			target = 1ADB32AB2DB268E9001E32DE /* ViewAndModifires */;
			targetProxy = 1ADB32BA2DB268EC001E32DE /* PBXContainerItemProxy */;
		};
		1ADB32C52DB268EC001E32DE /* PBXTargetDependency */ = {
			isa = PBXTargetDependency;
			target = 1ADB32AB2DB268E9001E32DE /* ViewAndModifires */;
			targetProxy = 1ADB32C42DB268EC001E32DE /* PBXContainerItemProxy */;
		};
/* End PBXTargetDependency section */

/* Begin XCBuildConfiguration section */
		1ADB32CB2DB268EC001E32DE /* Debug */ = {
			isa = XCBuildConfiguration;
			buildSettings = {
				ALWAYS_SEARCH_USER_PATHS = NO;
				ASSETCATALOG_COMPILER_GENERATE_SWIFT_ASSET_SYMBOL_EXTENSIONS = YES;
				CLANG_ANALYZER_NONNULL = YES;
				CLANG_ANALYZER_NUMBER_OBJECT_CONVERSION = YES_AGGRESSIVE;
				CLANG_CXX_LANGUAGE_STANDARD = "gnu++20";
				CLANG_ENABLE_MODULES = YES;
				CLANG_ENABLE_OBJC_ARC = YES;
				CLANG_ENABLE_OBJC_WEAK = YES;
				CLANG_WARN_BLOCK_CAPTURE_AUTORELEASING = YES;
				CLANG_WARN_BOOL_CONVERSION = YES;
				CLANG_WARN_COMMA = YES;
				CLANG_WARN_CONSTANT_CONVERSION = YES;
				CLANG_WARN_DEPRECATED_OBJC_IMPLEMENTATIONS = YES;
				CLANG_WARN_DIRECT_OBJC_ISA_USAGE = YES_ERROR;
				CLANG_WARN_DOCUMENTATION_COMMENTS = YES;
				CLANG_WARN_EMPTY_BODY = YES;
				CLANG_WARN_ENUM_CONVERSION = YES;
				CLANG_WARN_INFINITE_RECURSION = YES;
				CLANG_WARN_INT_CONVERSION = YES;
				CLANG_WARN_NON_LITERAL_NULL_CONVERSION = YES;
				CLANG_WARN_OBJC_IMPLICIT_RETAIN_SELF = YES;
				CLANG_WARN_OBJC_LITERAL_CONVERSION = YES;
				CLANG_WARN_OBJC_ROOT_CLASS = YES_ERROR;
				CLANG_WARN_QUOTED_INCLUDE_IN_FRAMEWORK_HEADER = YES;
				CLANG_WARN_RANGE_LOOP_ANALYSIS = YES;
				CLANG_WARN_STRICT_PROTOTYPES = YES;
				CLANG_WARN_SUSPICIOUS_MOVE = YES;
				CLANG_WARN_UNGUARDED_AVAILABILITY = YES_AGGRESSIVE;
				CLANG_WARN_UNREACHABLE_CODE = YES;
				CLANG_WARN__DUPLICATE_METHOD_MATCH = YES;
				COPY_PHASE_STRIP = NO;
				DEBUG_INFORMATION_FORMAT = dwarf;
				ENABLE_STRICT_OBJC_MSGSEND = YES;
				ENABLE_TESTABILITY = YES;
				ENABLE_USER_SCRIPT_SANDBOXING = YES;
				GCC_C_LANGUAGE_STANDARD = gnu17;
				GCC_DYNAMIC_NO_PIC = NO;
				GCC_NO_COMMON_BLOCKS = YES;
				GCC_OPTIMIZATION_LEVEL = 0;
				GCC_PREPROCESSOR_DEFINITIONS = (
					"DEBUG=1",
					"$(inherited)",
				);
				GCC_WARN_64_TO_32_BIT_CONVERSION = YES;
				GCC_WARN_ABOUT_RETURN_TYPE = YES_ERROR;
				GCC_WARN_UNDECLARED_SELECTOR = YES;
				GCC_WARN_UNINITIALIZED_AUTOS = YES_AGGRESSIVE;
				GCC_WARN_UNUSED_FUNCTION = YES;
				GCC_WARN_UNUSED_VARIABLE = YES;
				IPHONEOS_DEPLOYMENT_TARGET = 18.4;
				LOCALIZATION_PREFERS_STRING_CATALOGS = YES;
				MTL_ENABLE_DEBUG_INFO = INCLUDE_SOURCE;
				MTL_FAST_MATH = YES;
				ONLY_ACTIVE_ARCH = YES;
				SDKROOT = iphoneos;
				SWIFT_ACTIVE_COMPILATION_CONDITIONS = "DEBUG $(inherited)";
				SWIFT_OPTIMIZATION_LEVEL = "-Onone";
			};
			name = Debug;
		};
		1ADB32CC2DB268EC001E32DE /* Release */ = {
			isa = XCBuildConfiguration;
			buildSettings = {
				ALWAYS_SEARCH_USER_PATHS = NO;
				ASSETCATALOG_COMPILER_GENERATE_SWIFT_ASSET_SYMBOL_EXTENSIONS = YES;
				CLANG_ANALYZER_NONNULL = YES;
				CLANG_ANALYZER_NUMBER_OBJECT_CONVERSION = YES_AGGRESSIVE;
				CLANG_CXX_LANGUAGE_STANDARD = "gnu++20";
				CLANG_ENABLE_MODULES = YES;
				CLANG_ENABLE_OBJC_ARC = YES;
				CLANG_ENABLE_OBJC_WEAK = YES;
				CLANG_WARN_BLOCK_CAPTURE_AUTORELEASING = YES;
				CLANG_WARN_BOOL_CONVERSION = YES;
				CLANG_WARN_COMMA = YES;
				CLANG_WARN_CONSTANT_CONVERSION = YES;
				CLANG_WARN_DEPRECATED_OBJC_IMPLEMENTATIONS = YES;
				CLANG_WARN_DIRECT_OBJC_ISA_USAGE = YES_ERROR;
				CLANG_WARN_DOCUMENTATION_COMMENTS = YES;
				CLANG_WARN_EMPTY_BODY = YES;
				CLANG_WARN_ENUM_CONVERSION = YES;
				CLANG_WARN_INFINITE_RECURSION = YES;
				CLANG_WARN_INT_CONVERSION = YES;
				CLANG_WARN_NON_LITERAL_NULL_CONVERSION = YES;
				CLANG_WARN_OBJC_IMPLICIT_RETAIN_SELF = YES;
				CLANG_WARN_OBJC_LITERAL_CONVERSION = YES;
				CLANG_WARN_OBJC_ROOT_CLASS = YES_ERROR;
				CLANG_WARN_QUOTED_INCLUDE_IN_FRAMEWORK_HEADER = YES;
				CLANG_WARN_RANGE_LOOP_ANALYSIS = YES;
				CLANG_WARN_STRICT_PROTOTYPES = YES;
				CLANG_WARN_SUSPICIOUS_MOVE = YES;
				CLANG_WARN_UNGUARDED_AVAILABILITY = YES_AGGRESSIVE;
				CLANG_WARN_UNREACHABLE_CODE = YES;
				CLANG_WARN__DUPLICATE_METHOD_MATCH = YES;
				COPY_PHASE_STRIP = NO;
				DEBUG_INFORMATION_FORMAT = "dwarf-with-dsym";
				ENABLE_NS_ASSERTIONS = NO;
				ENABLE_STRICT_OBJC_MSGSEND = YES;
				ENABLE_USER_SCRIPT_SANDBOXING = YES;
				GCC_C_LANGUAGE_STANDARD = gnu17;
				GCC_NO_COMMON_BLOCKS = YES;
				GCC_WARN_64_TO_32_BIT_CONVERSION = YES;
				GCC_WARN_ABOUT_RETURN_TYPE = YES_ERROR;
				GCC_WARN_UNDECLARED_SELECTOR = YES;
				GCC_WARN_UNINITIALIZED_AUTOS = YES_AGGRESSIVE;
				GCC_WARN_UNUSED_FUNCTION = YES;
				GCC_WARN_UNUSED_VARIABLE = YES;
				IPHONEOS_DEPLOYMENT_TARGET = 18.4;
				LOCALIZATION_PREFERS_STRING_CATALOGS = YES;
				MTL_ENABLE_DEBUG_INFO = NO;
				MTL_FAST_MATH = YES;
				SDKROOT = iphoneos;
				SWIFT_COMPILATION_MODE = wholemodule;
				VALIDATE_PRODUCT = YES;
			};
			name = Release;
		};
		1ADB32CE2DB268EC001E32DE /* Debug */ = {
			isa = XCBuildConfiguration;
			buildSettings = {
				ASSETCATALOG_COMPILER_APPICON_NAME = AppIcon;
				ASSETCATALOG_COMPILER_GLOBAL_ACCENT_COLOR_NAME = AccentColor;
				CODE_SIGN_STYLE = Automatic;
				CURRENT_PROJECT_VERSION = 1;
				ENABLE_PREVIEWS = YES;
				GENERATE_INFOPLIST_FILE = YES;
				INFOPLIST_KEY_UIApplicationSceneManifest_Generation = YES;
				INFOPLIST_KEY_UIApplicationSupportsIndirectInputEvents = YES;
				INFOPLIST_KEY_UILaunchScreen_Generation = YES;
				INFOPLIST_KEY_UISupportedInterfaceOrientations_iPad = "UIInterfaceOrientationPortrait UIInterfaceOrientationPortraitUpsideDown UIInterfaceOrientationLandscapeLeft UIInterfaceOrientationLandscapeRight";
				INFOPLIST_KEY_UISupportedInterfaceOrientations_iPhone = "UIInterfaceOrientationPortrait UIInterfaceOrientationLandscapeLeft UIInterfaceOrientationLandscapeRight";
				LD_RUNPATH_SEARCH_PATHS = (
					"$(inherited)",
					"@executable_path/Frameworks",
				);
				MARKETING_VERSION = 1.0;
				PRODUCT_BUNDLE_IDENTIFIER = evesq.com.ViewAndModifires;
				PRODUCT_NAME = "$(TARGET_NAME)";
				SWIFT_EMIT_LOC_STRINGS = YES;
				SWIFT_VERSION = 5.0;
				TARGETED_DEVICE_FAMILY = "1,2";
			};
			name = Debug;
		};
		1ADB32CF2DB268EC001E32DE /* Release */ = {
			isa = XCBuildConfiguration;
			buildSettings = {
				ASSETCATALOG_COMPILER_APPICON_NAME = AppIcon;
				ASSETCATALOG_COMPILER_GLOBAL_ACCENT_COLOR_NAME = AccentColor;
				CODE_SIGN_STYLE = Automatic;
				CURRENT_PROJECT_VERSION = 1;
				ENABLE_PREVIEWS = YES;
				GENERATE_INFOPLIST_FILE = YES;
				INFOPLIST_KEY_UIApplicationSceneManifest_Generation = YES;
				INFOPLIST_KEY_UIApplicationSupportsIndirectInputEvents = YES;
				INFOPLIST_KEY_UILaunchScreen_Generation = YES;
				INFOPLIST_KEY_UISupportedInterfaceOrientations_iPad = "UIInterfaceOrientationPortrait UIInterfaceOrientationPortraitUpsideDown UIInterfaceOrientationLandscapeLeft UIInterfaceOrientationLandscapeRight";
				INFOPLIST_KEY_UISupportedInterfaceOrientations_iPhone = "UIInterfaceOrientationPortrait UIInterfaceOrientationLandscapeLeft UIInterfaceOrientationLandscapeRight";
				LD_RUNPATH_SEARCH_PATHS = (
					"$(inherited)",
					"@executable_path/Frameworks",
				);
				MARKETING_VERSION = 1.0;
				PRODUCT_BUNDLE_IDENTIFIER = evesq.com.ViewAndModifires;
				PRODUCT_NAME = "$(TARGET_NAME)";
				SWIFT_EMIT_LOC_STRINGS = YES;
				SWIFT_VERSION = 5.0;
				TARGETED_DEVICE_FAMILY = "1,2";
			};
			name = Release;
		};
		1ADB32D12DB268EC001E32DE /* Debug */ = {
			isa = XCBuildConfiguration;
			buildSettings = {
				BUNDLE_LOADER = "$(TEST_HOST)";
				CODE_SIGN_STYLE = Automatic;
				CURRENT_PROJECT_VERSION = 1;
				GENERATE_INFOPLIST_FILE = YES;
				IPHONEOS_DEPLOYMENT_TARGET = 18.4;
				MARKETING_VERSION = 1.0;
				PRODUCT_BUNDLE_IDENTIFIER = evesq.com.ViewAndModifiresTests;
				PRODUCT_NAME = "$(TARGET_NAME)";
				SWIFT_EMIT_LOC_STRINGS = NO;
				SWIFT_VERSION = 5.0;
				TARGETED_DEVICE_FAMILY = "1,2";
				TEST_HOST = "$(BUILT_PRODUCTS_DIR)/ViewAndModifires.app/$(BUNDLE_EXECUTABLE_FOLDER_PATH)/ViewAndModifires";
			};
			name = Debug;
		};
		1ADB32D22DB268EC001E32DE /* Release */ = {
			isa = XCBuildConfiguration;
			buildSettings = {
				BUNDLE_LOADER = "$(TEST_HOST)";
				CODE_SIGN_STYLE = Automatic;
				CURRENT_PROJECT_VERSION = 1;
				GENERATE_INFOPLIST_FILE = YES;
				IPHONEOS_DEPLOYMENT_TARGET = 18.4;
				MARKETING_VERSION = 1.0;
				PRODUCT_BUNDLE_IDENTIFIER = evesq.com.ViewAndModifiresTests;
				PRODUCT_NAME = "$(TARGET_NAME)";
				SWIFT_EMIT_LOC_STRINGS = NO;
				SWIFT_VERSION = 5.0;
				TARGETED_DEVICE_FAMILY = "1,2";
				TEST_HOST = "$(BUILT_PRODUCTS_DIR)/ViewAndModifires.app/$(BUNDLE_EXECUTABLE_FOLDER_PATH)/ViewAndModifires";
			};
			name = Release;
		};
		1ADB32D42DB268EC001E32DE /* Debug */ = {
			isa = XCBuildConfiguration;
			buildSettings = {
				CODE_SIGN_STYLE = Automatic;
				CURRENT_PROJECT_VERSION = 1;
				GENERATE_INFOPLIST_FILE = YES;
				MARKETING_VERSION = 1.0;
				PRODUCT_BUNDLE_IDENTIFIER = evesq.com.ViewAndModifiresUITests;
				PRODUCT_NAME = "$(TARGET_NAME)";
				SWIFT_EMIT_LOC_STRINGS = NO;
				SWIFT_VERSION = 5.0;
				TARGETED_DEVICE_FAMILY = "1,2";
				TEST_TARGET_NAME = ViewAndModifires;
			};
			name = Debug;
		};
		1ADB32D52DB268EC001E32DE /* Release */ = {
			isa = XCBuildConfiguration;
			buildSettings = {
				CODE_SIGN_STYLE = Automatic;
				CURRENT_PROJECT_VERSION = 1;
				GENERATE_INFOPLIST_FILE = YES;
				MARKETING_VERSION = 1.0;
				PRODUCT_BUNDLE_IDENTIFIER = evesq.com.ViewAndModifiresUITests;
				PRODUCT_NAME = "$(TARGET_NAME)";
				SWIFT_EMIT_LOC_STRINGS = NO;
				SWIFT_VERSION = 5.0;
				TARGETED_DEVICE_FAMILY = "1,2";
				TEST_TARGET_NAME = ViewAndModifires;
			};
			name = Release;
		};
/* End XCBuildConfiguration section */

/* Begin XCConfigurationList section */
		1ADB32A72DB268E9001E32DE /* Build configuration list for PBXProject "ViewAndModifires" */ = {
			isa = XCConfigurationList;
			buildConfigurations = (
				1ADB32CB2DB268EC001E32DE /* Debug */,
				1ADB32CC2DB268EC001E32DE /* Release */,
			);
			defaultConfigurationIsVisible = 0;
			defaultConfigurationName = Release;
		};
		1ADB32CD2DB268EC001E32DE /* Build configuration list for PBXNativeTarget "ViewAndModifires" */ = {
			isa = XCConfigurationList;
			buildConfigurations = (
				1ADB32CE2DB268EC001E32DE /* Debug */,
				1ADB32CF2DB268EC001E32DE /* Release */,
			);
			defaultConfigurationIsVisible = 0;
			defaultConfigurationName = Release;
		};
		1ADB32D02DB268EC001E32DE /* Build configuration list for PBXNativeTarget "ViewAndModifiresTests" */ = {
			isa = XCConfigurationList;
			buildConfigurations = (
				1ADB32D12DB268EC001E32DE /* Debug */,
				1ADB32D22DB268EC001E32DE /* Release */,
			);
			defaultConfigurationIsVisible = 0;
			defaultConfigurationName = Release;
		};
		1ADB32D32DB268EC001E32DE /* Build configuration list for PBXNativeTarget "ViewAndModifiresUITests" */ = {
			isa = XCConfigurationList;
			buildConfigurations = (
				1ADB32D42DB268EC001E32DE /* Debug */,
				1ADB32D52DB268EC001E32DE /* Release */,
			);
			defaultConfigurationIsVisible = 0;
			defaultConfigurationName = Release;
		};
/* End XCConfigurationList section */
	};
	rootObject = 1ADB32A42DB268E9001E32DE /* Project object */;
}
